{
  "nodes": {
    "nixpkgs": {
      "locked": {
        "lastModified": 1661120702,
        "narHash": "sha256-o2P8sp6FaCwPT8i67Un3w5DN0+nFnY8e9xk7Tj0hpmE=",
        "owner": "nixos",
        "repo": "nixpkgs",
        "rev": "3ed15c29ce0fd1c3fcfbbeebcf1607057200d83c",
        "type": "github"
      },
      "original": {
        "owner": "nixos",
        "ref": "nixpkgs-unstable",
        "repo": "nixpkgs",
        "type": "github"
      }
    },
    "root": {
      "inputs": {
        "nixpkgs": "nixpkgs"
      }
    }
  },
  "root": "root",
  "version": 7
}
